<?xml version="1.0" encoding="utf-8"?>
<Project ToolsVersion="4.0" xmlns="http://schemas.microsoft.com/developer/msbuild/2003">
  <ItemGroup>
    <Filter Include="소스 파일">
      <UniqueIdentifier>{4FC737F1-C7A5-4376-A066-2A32D752A2FF}</UniqueIdentifier>
      <Extensions>cpp;c;cc;cxx;def;odl;idl;hpj;bat;asm;asmx</Extensions>
    </Filter>
    <Filter Include="헤더 파일">
      <UniqueIdentifier>{93995380-89BD-4b04-88EB-625FBE52EBFB}</UniqueIdentifier>
      <Extensions>h;hh;hpp;hxx;hm;inl;inc;xsd</Extensions>
    </Filter>
    <Filter Include="리소스 파일">
      <UniqueIdentifier>{67DA6AB6-F800-4c08-8B7A-83BB121AAD01}</UniqueIdentifier>
      <Extensions>rc;ico;cur;bmp;dlg;rc2;rct;bin;rgs;gif;jpg;jpeg;jpe;resx;tiff;tif;png;wav;mfcribbon-ms</Extensions>
    </Filter>
    <Filter Include="파일분할">
      <UniqueIdentifier>{9dea965a-a52b-450d-8ef6-203ef1beb9fc}</UniqueIdentifier>
    </Filter>
    <Filter Include="생성자소멸자">
      <UniqueIdentifier>{a568f812-9ee3-41bf-8af5-d62c4c9769aa}</UniqueIdentifier>
    </Filter>
    <Filter Include="복사생성자">
      <UniqueIdentifier>{aa06af9b-04d3-4e74-9df9-97beffdc3891}</UniqueIdentifier>
    </Filter>
    <Filter Include="Const_Static">
      <UniqueIdentifier>{c63ead39-befc-4082-9f8e-a43a0aacf05c}</UniqueIdentifier>
    </Filter>
    <Filter Include="this_friend">
      <UniqueIdentifier>{6bdb0be5-72f4-48c1-8238-a0ebc7288379}</UniqueIdentifier>
    </Filter>
    <Filter Include="문제">
      <UniqueIdentifier>{91201695-179a-4fab-a204-aae1dd11b398}</UniqueIdentifier>
    </Filter>
  </ItemGroup>
  <ItemGroup>
    <ClCompile Include="OOP1.cpp">
      <Filter>소스 파일</Filter>
    </ClCompile>
    <ClCompile Include="OOP2.cpp">
      <Filter>소스 파일</Filter>
    </ClCompile>
    <ClCompile Include="Access.cpp">
      <Filter>소스 파일</Filter>
    </ClCompile>
    <ClCompile Include="AccessControl.cpp">
      <Filter>소스 파일</Filter>
    </ClCompile>
    <ClCompile Include="Door_Main.cpp">
      <Filter>파일분할</Filter>
    </ClCompile>
    <ClCompile Include="Door_Methodcpp.cpp">
      <Filter>파일분할</Filter>
    </ClCompile>
    <ClCompile Include="Info_Hiding.cpp">
      <Filter>소스 파일</Filter>
    </ClCompile>
    <ClCompile Include="Info_Encapsulation.cpp">
      <Filter>소스 파일</Filter>
    </ClCompile>
    <ClCompile Include="Person1.cpp">
      <Filter>소스 파일</Filter>
    </ClCompile>
    <ClCompile Include="Constructor.cpp">
      <Filter>생성자소멸자</Filter>
    </ClCompile>
    <ClCompile Include="Person2.cpp">
      <Filter>소스 파일</Filter>
    </ClCompile>
    <ClCompile Include="Default_Constructor.cpp">
      <Filter>생성자소멸자</Filter>
    </ClCompile>
    <ClCompile Include="Person3.cpp">
      <Filter>소스 파일</Filter>
    </ClCompile>
    <ClCompile Include="Destructor.cpp">
      <Filter>생성자소멸자</Filter>
    </ClCompile>
    <ClCompile Include="Person4.cpp">
      <Filter>소스 파일</Filter>
    </ClCompile>
    <ClCompile Include="NameCard.cpp">
      <Filter>소스 파일</Filter>
    </ClCompile>
    <ClCompile Include="Init_Style.cpp">
      <Filter>소스 파일</Filter>
    </ClCompile>
    <ClCompile Include="Copy_Con1.cpp">
      <Filter>복사생성자</Filter>
    </ClCompile>
    <ClCompile Include="Copy_Con2.cpp">
      <Filter>복사생성자</Filter>
    </ClCompile>
    <ClCompile Include="Copy_Con3.cpp">
      <Filter>복사생성자</Filter>
    </ClCompile>
    <ClCompile Include="Copy_Constructor.cpp">
      <Filter>복사생성자</Filter>
    </ClCompile>
    <ClCompile Include="Int_Array_Copy.cpp">
      <Filter>소스 파일</Filter>
    </ClCompile>
    <ClCompile Include="Struct_Parameter.cpp">
      <Filter>소스 파일</Filter>
    </ClCompile>
    <ClCompile Include="PointClass_Move.cpp">
      <Filter>소스 파일</Filter>
    </ClCompile>
    <ClCompile Include="ConstValue.cpp">
      <Filter>소스 파일</Filter>
    </ClCompile>
    <ClCompile Include="Const_Member1.cpp">
      <Filter>Const_Static</Filter>
    </ClCompile>
    <ClCompile Include="Const_OVerloading.cpp">
      <Filter>Const_Static</Filter>
    </ClCompile>
    <ClCompile Include="PersonCounter1.cpp">
      <Filter>Const_Static</Filter>
    </ClCompile>
    <ClCompile Include="Object_Arr.cpp">
      <Filter>소스 파일</Filter>
    </ClCompile>
    <ClCompile Include="Pointer_Arr.cpp">
      <Filter>소스 파일</Filter>
    </ClCompile>
    <ClCompile Include="this_Pointer.cpp">
      <Filter>this_friend</Filter>
    </ClCompile>
    <ClCompile Include="Friend1.cpp">
      <Filter>this_friend</Filter>
    </ClCompile>
    <ClCompile Include="friend2.cpp">
      <Filter>this_friend</Filter>
    </ClCompile>
    <ClCompile Include="Apple_Sales.cpp">
      <Filter>문제</Filter>
    </ClCompile>
    <ClCompile Include="Const.cpp">
      <Filter>Const_Static</Filter>
    </ClCompile>
  </ItemGroup>
  <ItemGroup>
    <ClInclude Include="Door.h">
      <Filter>파일분할</Filter>
    </ClInclude>
  </ItemGroup>
</Project>