Microsoft Visual Studio Solution File, Format Version 8.00
Project("{8BC9CEB8-8B4A-11D0-8D11-00A0C91BC942}") = "01", "01\01.vcproj", "{05076593-AB0F-4B95-A00B-0729E267156A}"
	ProjectSection(ProjectDependencies) = postProject
	EndProjectSection
EndProject
Global
	GlobalSection(SolutionConfiguration) = preSolution
		Debug = Debug
		Release = Release
	EndGlobalSection
	GlobalSection(ProjectConfiguration) = postSolution
		{05076593-AB0F-4B95-A00B-0729E267156A}.Debug.ActiveCfg = Debug|Win32
		{05076593-AB0F-4B95-A00B-0729E267156A}.Debug.Build.0 = Debug|Win32
		{05076593-AB0F-4B95-A00B-0729E267156A}.Release.ActiveCfg = Release|Win32
		{05076593-AB0F-4B95-A00B-0729E267156A}.Release.Build.0 = Release|Win32
	EndGlobalSection
	GlobalSection(ExtensibilityGlobals) = postSolution
	EndGlobalSection
	GlobalSection(ExtensibilityAddIns) = postSolution
	EndGlobalSection
EndGlobal
