Microsoft Visual Studio Solution File, Format Version 8.00
Project("{8BC9CEB8-8B4A-11D0-8D11-00A0C91BC942}") = "01", "01\01.vcproj", "{9CE5E57D-0243-419F-A40D-2D6011DF6677}"
	ProjectSection(ProjectDependencies) = postProject
	EndProjectSection
EndProject
Global
	GlobalSection(SolutionConfiguration) = preSolution
		Debug = Debug
		Release = Release
	EndGlobalSection
	GlobalSection(ProjectConfiguration) = postSolution
		{9CE5E57D-0243-419F-A40D-2D6011DF6677}.Debug.ActiveCfg = Debug|Win32
		{9CE5E57D-0243-419F-A40D-2D6011DF6677}.Debug.Build.0 = Debug|Win32
		{9CE5E57D-0243-419F-A40D-2D6011DF6677}.Release.ActiveCfg = Release|Win32
		{9CE5E57D-0243-419F-A40D-2D6011DF6677}.Release.Build.0 = Release|Win32
	EndGlobalSection
	GlobalSection(ExtensibilityGlobals) = postSolution
	EndGlobalSection
	GlobalSection(ExtensibilityAddIns) = postSolution
	EndGlobalSection
EndGlobal
