Microsoft Visual Studio Solution File, Format Version 8.00
Project("{8BC9CEB8-8B4A-11D0-8D11-00A0C91BC942}") = "01", "01\01.vcproj", "{44B91232-DF7F-46E7-9FC7-EB0B54E8507A}"
	ProjectSection(ProjectDependencies) = postProject
	EndProjectSection
EndProject
Project("{8BC9CEB8-8B4A-11D0-8D11-00A0C91BC942}") = "02", "02\02.vcproj", "{1CE4DEB5-B796-460B-9BA1-C89F223821F9}"
	ProjectSection(ProjectDependencies) = postProject
	EndProjectSection
EndProject
Project("{8BC9CEB8-8B4A-11D0-8D11-00A0C91BC942}") = "03", "03\03.vcproj", "{1B752396-B97C-4F00-9253-8234D98E3A55}"
	ProjectSection(ProjectDependencies) = postProject
	EndProjectSection
EndProject
Project("{8BC9CEB8-8B4A-11D0-8D11-00A0C91BC942}") = "13", "13\13.vcproj", "{2DF86522-157A-41C6-B2AA-080655CFD31D}"
	ProjectSection(ProjectDependencies) = postProject
	EndProjectSection
EndProject
Project("{8BC9CEB8-8B4A-11D0-8D11-00A0C91BC942}") = "14", "14\14.vcproj", "{780879D7-744B-4F21-B84C-D76477745C26}"
	ProjectSection(ProjectDependencies) = postProject
	EndProjectSection
EndProject
Project("{8BC9CEB8-8B4A-11D0-8D11-00A0C91BC942}") = "15", "15\15.vcproj", "{9A1035D4-7F07-4AB6-9EEF-4C04921AD4C1}"
	ProjectSection(ProjectDependencies) = postProject
	EndProjectSection
EndProject
Project("{8BC9CEB8-8B4A-11D0-8D11-00A0C91BC942}") = "16", "16\16.vcproj", "{9F37448F-7FE5-4862-815A-3B47AF12ACAF}"
	ProjectSection(ProjectDependencies) = postProject
	EndProjectSection
EndProject
Project("{8BC9CEB8-8B4A-11D0-8D11-00A0C91BC942}") = "17", "17\17.vcproj", "{52278813-BA67-40DA-A1C6-0383D984AE76}"
	ProjectSection(ProjectDependencies) = postProject
	EndProjectSection
EndProject
Project("{8BC9CEB8-8B4A-11D0-8D11-00A0C91BC942}") = "18", "18\18.vcproj", "{81EAF0B5-D87A-44B9-A5BB-258E488C89EB}"
	ProjectSection(ProjectDependencies) = postProject
	EndProjectSection
EndProject
Project("{8BC9CEB8-8B4A-11D0-8D11-00A0C91BC942}") = "20", "20\20.vcproj", "{066D11F6-3835-45A4-883B-D12D1EC132FC}"
	ProjectSection(ProjectDependencies) = postProject
	EndProjectSection
EndProject
Project("{8BC9CEB8-8B4A-11D0-8D11-00A0C91BC942}") = "22", "22\22.vcproj", "{626062EB-BF82-4D94-A947-BF5564FE235C}"
	ProjectSection(ProjectDependencies) = postProject
	EndProjectSection
EndProject
Project("{8BC9CEB8-8B4A-11D0-8D11-00A0C91BC942}") = "23", "23\23.vcproj", "{61C3FF34-CAC1-497D-B3AC-2BFBCAC25613}"
	ProjectSection(ProjectDependencies) = postProject
	EndProjectSection
EndProject
Project("{8BC9CEB8-8B4A-11D0-8D11-00A0C91BC942}") = "24", "24\24.vcproj", "{D5B9CB76-362D-4A30-B257-239D65D9A5F6}"
	ProjectSection(ProjectDependencies) = postProject
	EndProjectSection
EndProject
Project("{8BC9CEB8-8B4A-11D0-8D11-00A0C91BC942}") = "25", "25\25.vcproj", "{CCCD9495-8040-4F60-8EEE-87758783EEEF}"
	ProjectSection(ProjectDependencies) = postProject
	EndProjectSection
EndProject
Project("{8BC9CEB8-8B4A-11D0-8D11-00A0C91BC942}") = "26", "26\26.vcproj", "{71007BFF-2CEB-47CC-BD02-50A35382C7D4}"
	ProjectSection(ProjectDependencies) = postProject
	EndProjectSection
EndProject
Project("{8BC9CEB8-8B4A-11D0-8D11-00A0C91BC942}") = "27", "27\27.vcproj", "{E5FF82C7-B641-4AE7-979F-6453719D21DD}"
	ProjectSection(ProjectDependencies) = postProject
	EndProjectSection
EndProject
Project("{8BC9CEB8-8B4A-11D0-8D11-00A0C91BC942}") = "30", "30\30.vcproj", "{1364EE9C-D4E4-4AF5-91F3-28DF5B720906}"
	ProjectSection(ProjectDependencies) = postProject
	EndProjectSection
EndProject
Project("{8BC9CEB8-8B4A-11D0-8D11-00A0C91BC942}") = "32", "32\32.vcproj", "{4DF13073-CC2D-48CA-8074-DCF1599CEBA9}"
	ProjectSection(ProjectDependencies) = postProject
	EndProjectSection
EndProject
Project("{8BC9CEB8-8B4A-11D0-8D11-00A0C91BC942}") = "33", "33\33.vcproj", "{DDEF194C-3053-46C5-9FED-6BF3A1CA66D9}"
	ProjectSection(ProjectDependencies) = postProject
	EndProjectSection
EndProject
Global
	GlobalSection(SolutionConfiguration) = preSolution
		Debug = Debug
		Release = Release
	EndGlobalSection
	GlobalSection(ProjectConfiguration) = postSolution
		{44B91232-DF7F-46E7-9FC7-EB0B54E8507A}.Debug.ActiveCfg = Debug|Win32
		{44B91232-DF7F-46E7-9FC7-EB0B54E8507A}.Debug.Build.0 = Debug|Win32
		{44B91232-DF7F-46E7-9FC7-EB0B54E8507A}.Release.ActiveCfg = Release|Win32
		{44B91232-DF7F-46E7-9FC7-EB0B54E8507A}.Release.Build.0 = Release|Win32
		{1CE4DEB5-B796-460B-9BA1-C89F223821F9}.Debug.ActiveCfg = Debug|Win32
		{1CE4DEB5-B796-460B-9BA1-C89F223821F9}.Debug.Build.0 = Debug|Win32
		{1CE4DEB5-B796-460B-9BA1-C89F223821F9}.Release.ActiveCfg = Release|Win32
		{1CE4DEB5-B796-460B-9BA1-C89F223821F9}.Release.Build.0 = Release|Win32
		{1B752396-B97C-4F00-9253-8234D98E3A55}.Debug.ActiveCfg = Debug|Win32
		{1B752396-B97C-4F00-9253-8234D98E3A55}.Debug.Build.0 = Debug|Win32
		{1B752396-B97C-4F00-9253-8234D98E3A55}.Release.ActiveCfg = Release|Win32
		{1B752396-B97C-4F00-9253-8234D98E3A55}.Release.Build.0 = Release|Win32
		{2DF86522-157A-41C6-B2AA-080655CFD31D}.Debug.ActiveCfg = Debug|Win32
		{2DF86522-157A-41C6-B2AA-080655CFD31D}.Debug.Build.0 = Debug|Win32
		{2DF86522-157A-41C6-B2AA-080655CFD31D}.Release.ActiveCfg = Release|Win32
		{2DF86522-157A-41C6-B2AA-080655CFD31D}.Release.Build.0 = Release|Win32
		{780879D7-744B-4F21-B84C-D76477745C26}.Debug.ActiveCfg = Debug|Win32
		{780879D7-744B-4F21-B84C-D76477745C26}.Debug.Build.0 = Debug|Win32
		{780879D7-744B-4F21-B84C-D76477745C26}.Release.ActiveCfg = Release|Win32
		{780879D7-744B-4F21-B84C-D76477745C26}.Release.Build.0 = Release|Win32
		{9A1035D4-7F07-4AB6-9EEF-4C04921AD4C1}.Debug.ActiveCfg = Debug|Win32
		{9A1035D4-7F07-4AB6-9EEF-4C04921AD4C1}.Debug.Build.0 = Debug|Win32
		{9A1035D4-7F07-4AB6-9EEF-4C04921AD4C1}.Release.ActiveCfg = Release|Win32
		{9A1035D4-7F07-4AB6-9EEF-4C04921AD4C1}.Release.Build.0 = Release|Win32
		{9F37448F-7FE5-4862-815A-3B47AF12ACAF}.Debug.ActiveCfg = Debug|Win32
		{9F37448F-7FE5-4862-815A-3B47AF12ACAF}.Debug.Build.0 = Debug|Win32
		{9F37448F-7FE5-4862-815A-3B47AF12ACAF}.Release.ActiveCfg = Release|Win32
		{9F37448F-7FE5-4862-815A-3B47AF12ACAF}.Release.Build.0 = Release|Win32
		{52278813-BA67-40DA-A1C6-0383D984AE76}.Debug.ActiveCfg = Debug|Win32
		{52278813-BA67-40DA-A1C6-0383D984AE76}.Debug.Build.0 = Debug|Win32
		{52278813-BA67-40DA-A1C6-0383D984AE76}.Release.ActiveCfg = Release|Win32
		{52278813-BA67-40DA-A1C6-0383D984AE76}.Release.Build.0 = Release|Win32
		{81EAF0B5-D87A-44B9-A5BB-258E488C89EB}.Debug.ActiveCfg = Debug|Win32
		{81EAF0B5-D87A-44B9-A5BB-258E488C89EB}.Debug.Build.0 = Debug|Win32
		{81EAF0B5-D87A-44B9-A5BB-258E488C89EB}.Release.ActiveCfg = Release|Win32
		{81EAF0B5-D87A-44B9-A5BB-258E488C89EB}.Release.Build.0 = Release|Win32
		{066D11F6-3835-45A4-883B-D12D1EC132FC}.Debug.ActiveCfg = Debug|Win32
		{066D11F6-3835-45A4-883B-D12D1EC132FC}.Debug.Build.0 = Debug|Win32
		{066D11F6-3835-45A4-883B-D12D1EC132FC}.Release.ActiveCfg = Release|Win32
		{066D11F6-3835-45A4-883B-D12D1EC132FC}.Release.Build.0 = Release|Win32
		{626062EB-BF82-4D94-A947-BF5564FE235C}.Debug.ActiveCfg = Debug|Win32
		{626062EB-BF82-4D94-A947-BF5564FE235C}.Debug.Build.0 = Debug|Win32
		{626062EB-BF82-4D94-A947-BF5564FE235C}.Release.ActiveCfg = Release|Win32
		{626062EB-BF82-4D94-A947-BF5564FE235C}.Release.Build.0 = Release|Win32
		{61C3FF34-CAC1-497D-B3AC-2BFBCAC25613}.Debug.ActiveCfg = Debug|Win32
		{61C3FF34-CAC1-497D-B3AC-2BFBCAC25613}.Debug.Build.0 = Debug|Win32
		{61C3FF34-CAC1-497D-B3AC-2BFBCAC25613}.Release.ActiveCfg = Release|Win32
		{61C3FF34-CAC1-497D-B3AC-2BFBCAC25613}.Release.Build.0 = Release|Win32
		{D5B9CB76-362D-4A30-B257-239D65D9A5F6}.Debug.ActiveCfg = Debug|Win32
		{D5B9CB76-362D-4A30-B257-239D65D9A5F6}.Debug.Build.0 = Debug|Win32
		{D5B9CB76-362D-4A30-B257-239D65D9A5F6}.Release.ActiveCfg = Release|Win32
		{D5B9CB76-362D-4A30-B257-239D65D9A5F6}.Release.Build.0 = Release|Win32
		{CCCD9495-8040-4F60-8EEE-87758783EEEF}.Debug.ActiveCfg = Debug|Win32
		{CCCD9495-8040-4F60-8EEE-87758783EEEF}.Debug.Build.0 = Debug|Win32
		{CCCD9495-8040-4F60-8EEE-87758783EEEF}.Release.ActiveCfg = Release|Win32
		{CCCD9495-8040-4F60-8EEE-87758783EEEF}.Release.Build.0 = Release|Win32
		{71007BFF-2CEB-47CC-BD02-50A35382C7D4}.Debug.ActiveCfg = Debug|Win32
		{71007BFF-2CEB-47CC-BD02-50A35382C7D4}.Debug.Build.0 = Debug|Win32
		{71007BFF-2CEB-47CC-BD02-50A35382C7D4}.Release.ActiveCfg = Release|Win32
		{71007BFF-2CEB-47CC-BD02-50A35382C7D4}.Release.Build.0 = Release|Win32
		{E5FF82C7-B641-4AE7-979F-6453719D21DD}.Debug.ActiveCfg = Debug|Win32
		{E5FF82C7-B641-4AE7-979F-6453719D21DD}.Debug.Build.0 = Debug|Win32
		{E5FF82C7-B641-4AE7-979F-6453719D21DD}.Release.ActiveCfg = Release|Win32
		{E5FF82C7-B641-4AE7-979F-6453719D21DD}.Release.Build.0 = Release|Win32
		{1364EE9C-D4E4-4AF5-91F3-28DF5B720906}.Debug.ActiveCfg = Debug|Win32
		{1364EE9C-D4E4-4AF5-91F3-28DF5B720906}.Debug.Build.0 = Debug|Win32
		{1364EE9C-D4E4-4AF5-91F3-28DF5B720906}.Release.ActiveCfg = Release|Win32
		{1364EE9C-D4E4-4AF5-91F3-28DF5B720906}.Release.Build.0 = Release|Win32
		{4DF13073-CC2D-48CA-8074-DCF1599CEBA9}.Debug.ActiveCfg = Debug|Win32
		{4DF13073-CC2D-48CA-8074-DCF1599CEBA9}.Debug.Build.0 = Debug|Win32
		{4DF13073-CC2D-48CA-8074-DCF1599CEBA9}.Release.ActiveCfg = Release|Win32
		{4DF13073-CC2D-48CA-8074-DCF1599CEBA9}.Release.Build.0 = Release|Win32
		{DDEF194C-3053-46C5-9FED-6BF3A1CA66D9}.Debug.ActiveCfg = Debug|Win32
		{DDEF194C-3053-46C5-9FED-6BF3A1CA66D9}.Debug.Build.0 = Debug|Win32
		{DDEF194C-3053-46C5-9FED-6BF3A1CA66D9}.Release.ActiveCfg = Release|Win32
		{DDEF194C-3053-46C5-9FED-6BF3A1CA66D9}.Release.Build.0 = Release|Win32
	EndGlobalSection
	GlobalSection(ExtensibilityGlobals) = postSolution
	EndGlobalSection
	GlobalSection(ExtensibilityAddIns) = postSolution
	EndGlobalSection
EndGlobal
