Microsoft Visual Studio Solution File, Format Version 8.00
Project("{8BC9CEB8-8B4A-11D0-8D11-00A0C91BC942}") = "01", "01\01.vcproj", "{2C499583-B005-4225-B67B-B09A06B069D9}"
	ProjectSection(ProjectDependencies) = postProject
	EndProjectSection
EndProject
Project("{8BC9CEB8-8B4A-11D0-8D11-00A0C91BC942}") = "02", "02\02.vcproj", "{36DF21C5-B6A0-4FD7-A301-26806BF0FF57}"
	ProjectSection(ProjectDependencies) = postProject
	EndProjectSection
EndProject
Project("{8BC9CEB8-8B4A-11D0-8D11-00A0C91BC942}") = "03", "03\03.vcproj", "{05FB9D8F-3FEA-4BEC-82FD-130E25725102}"
	ProjectSection(ProjectDependencies) = postProject
	EndProjectSection
EndProject
Project("{8BC9CEB8-8B4A-11D0-8D11-00A0C91BC942}") = "04", "04\04.vcproj", "{9B4F1E1F-8FC2-4691-90EB-3BC65811DCA8}"
	ProjectSection(ProjectDependencies) = postProject
	EndProjectSection
EndProject
Project("{8BC9CEB8-8B4A-11D0-8D11-00A0C91BC942}") = "05", "05\05.vcproj", "{6C3E9D45-F882-47A5-8751-16AFC502D622}"
	ProjectSection(ProjectDependencies) = postProject
	EndProjectSection
EndProject
Project("{8BC9CEB8-8B4A-11D0-8D11-00A0C91BC942}") = "06", "06\06.vcproj", "{9F6608AC-C88E-4321-A324-688B3C37CBD5}"
	ProjectSection(ProjectDependencies) = postProject
	EndProjectSection
EndProject
Project("{8BC9CEB8-8B4A-11D0-8D11-00A0C91BC942}") = "07", "07\07.vcproj", "{488BAD18-D207-4D0C-99DB-BCDFCF85DFAB}"
	ProjectSection(ProjectDependencies) = postProject
	EndProjectSection
EndProject
Project("{8BC9CEB8-8B4A-11D0-8D11-00A0C91BC942}") = "08", "08\08.vcproj", "{5C7457A2-4639-4E3A-BF6D-E4B81C99BAB2}"
	ProjectSection(ProjectDependencies) = postProject
	EndProjectSection
EndProject
Project("{8BC9CEB8-8B4A-11D0-8D11-00A0C91BC942}") = "09", "09\09.vcproj", "{AB9213BA-CB1D-477F-AB9F-41D26E9364B2}"
	ProjectSection(ProjectDependencies) = postProject
	EndProjectSection
EndProject
Project("{8BC9CEB8-8B4A-11D0-8D11-00A0C91BC942}") = "10", "10\10.vcproj", "{529DEE18-3C4B-4BAD-B9F8-7FFFA0C1A923}"
	ProjectSection(ProjectDependencies) = postProject
	EndProjectSection
EndProject
Project("{8BC9CEB8-8B4A-11D0-8D11-00A0C91BC942}") = "11", "11\11.vcproj", "{541561A2-BF5D-4534-9F73-0E7C7F7653A9}"
	ProjectSection(ProjectDependencies) = postProject
	EndProjectSection
EndProject
Global
	GlobalSection(SolutionConfiguration) = preSolution
		Debug = Debug
		Release = Release
	EndGlobalSection
	GlobalSection(ProjectConfiguration) = postSolution
		{2C499583-B005-4225-B67B-B09A06B069D9}.Debug.ActiveCfg = Debug|Win32
		{2C499583-B005-4225-B67B-B09A06B069D9}.Debug.Build.0 = Debug|Win32
		{2C499583-B005-4225-B67B-B09A06B069D9}.Release.ActiveCfg = Release|Win32
		{2C499583-B005-4225-B67B-B09A06B069D9}.Release.Build.0 = Release|Win32
		{36DF21C5-B6A0-4FD7-A301-26806BF0FF57}.Debug.ActiveCfg = Debug|Win32
		{36DF21C5-B6A0-4FD7-A301-26806BF0FF57}.Debug.Build.0 = Debug|Win32
		{36DF21C5-B6A0-4FD7-A301-26806BF0FF57}.Release.ActiveCfg = Release|Win32
		{36DF21C5-B6A0-4FD7-A301-26806BF0FF57}.Release.Build.0 = Release|Win32
		{05FB9D8F-3FEA-4BEC-82FD-130E25725102}.Debug.ActiveCfg = Debug|Win32
		{05FB9D8F-3FEA-4BEC-82FD-130E25725102}.Debug.Build.0 = Debug|Win32
		{05FB9D8F-3FEA-4BEC-82FD-130E25725102}.Release.ActiveCfg = Release|Win32
		{05FB9D8F-3FEA-4BEC-82FD-130E25725102}.Release.Build.0 = Release|Win32
		{9B4F1E1F-8FC2-4691-90EB-3BC65811DCA8}.Debug.ActiveCfg = Debug|Win32
		{9B4F1E1F-8FC2-4691-90EB-3BC65811DCA8}.Debug.Build.0 = Debug|Win32
		{9B4F1E1F-8FC2-4691-90EB-3BC65811DCA8}.Release.ActiveCfg = Release|Win32
		{9B4F1E1F-8FC2-4691-90EB-3BC65811DCA8}.Release.Build.0 = Release|Win32
		{6C3E9D45-F882-47A5-8751-16AFC502D622}.Debug.ActiveCfg = Debug|Win32
		{6C3E9D45-F882-47A5-8751-16AFC502D622}.Debug.Build.0 = Debug|Win32
		{6C3E9D45-F882-47A5-8751-16AFC502D622}.Release.ActiveCfg = Release|Win32
		{6C3E9D45-F882-47A5-8751-16AFC502D622}.Release.Build.0 = Release|Win32
		{9F6608AC-C88E-4321-A324-688B3C37CBD5}.Debug.ActiveCfg = Debug|Win32
		{9F6608AC-C88E-4321-A324-688B3C37CBD5}.Debug.Build.0 = Debug|Win32
		{9F6608AC-C88E-4321-A324-688B3C37CBD5}.Release.ActiveCfg = Release|Win32
		{9F6608AC-C88E-4321-A324-688B3C37CBD5}.Release.Build.0 = Release|Win32
		{488BAD18-D207-4D0C-99DB-BCDFCF85DFAB}.Debug.ActiveCfg = Debug|Win32
		{488BAD18-D207-4D0C-99DB-BCDFCF85DFAB}.Debug.Build.0 = Debug|Win32
		{488BAD18-D207-4D0C-99DB-BCDFCF85DFAB}.Release.ActiveCfg = Release|Win32
		{488BAD18-D207-4D0C-99DB-BCDFCF85DFAB}.Release.Build.0 = Release|Win32
		{5C7457A2-4639-4E3A-BF6D-E4B81C99BAB2}.Debug.ActiveCfg = Debug|Win32
		{5C7457A2-4639-4E3A-BF6D-E4B81C99BAB2}.Debug.Build.0 = Debug|Win32
		{5C7457A2-4639-4E3A-BF6D-E4B81C99BAB2}.Release.ActiveCfg = Release|Win32
		{5C7457A2-4639-4E3A-BF6D-E4B81C99BAB2}.Release.Build.0 = Release|Win32
		{AB9213BA-CB1D-477F-AB9F-41D26E9364B2}.Debug.ActiveCfg = Debug|Win32
		{AB9213BA-CB1D-477F-AB9F-41D26E9364B2}.Debug.Build.0 = Debug|Win32
		{AB9213BA-CB1D-477F-AB9F-41D26E9364B2}.Release.ActiveCfg = Release|Win32
		{AB9213BA-CB1D-477F-AB9F-41D26E9364B2}.Release.Build.0 = Release|Win32
		{529DEE18-3C4B-4BAD-B9F8-7FFFA0C1A923}.Debug.ActiveCfg = Debug|Win32
		{529DEE18-3C4B-4BAD-B9F8-7FFFA0C1A923}.Debug.Build.0 = Debug|Win32
		{529DEE18-3C4B-4BAD-B9F8-7FFFA0C1A923}.Release.ActiveCfg = Release|Win32
		{529DEE18-3C4B-4BAD-B9F8-7FFFA0C1A923}.Release.Build.0 = Release|Win32
		{541561A2-BF5D-4534-9F73-0E7C7F7653A9}.Debug.ActiveCfg = Debug|Win32
		{541561A2-BF5D-4534-9F73-0E7C7F7653A9}.Debug.Build.0 = Debug|Win32
		{541561A2-BF5D-4534-9F73-0E7C7F7653A9}.Release.ActiveCfg = Release|Win32
		{541561A2-BF5D-4534-9F73-0E7C7F7653A9}.Release.Build.0 = Release|Win32
	EndGlobalSection
	GlobalSection(ExtensibilityGlobals) = postSolution
	EndGlobalSection
	GlobalSection(ExtensibilityAddIns) = postSolution
	EndGlobalSection
EndGlobal
